
Microsoft Visual Studio Solution File, Format Version 12.00
# Visual Studio Version 16
VisualStudioVersion = 16.0.30011.22
MinimumVisualStudioVersion = 10.0.40219.1
Project("{9A19103F-16F7-4668-BE54-9A1E7A4F7556}") = "Procontel.Jwt", "src\Procontel.Jwt\Procontel.Jwt.csproj", "{6524FF80-699D-4776-975B-1531A5B9D4A4}"
EndProject
Global
	GlobalSection(SolutionConfigurationPlatforms) = preSolution
		Debug|Any CPU = Debug|Any CPU
		Release|Any CPU = Release|Any CPU
	EndGlobalSection
	GlobalSection(ProjectConfigurationPlatforms) = postSolution
		{6524FF80-699D-4776-975B-1531A5B9D4A4}.Debug|Any CPU.ActiveCfg = Debug|Any CPU
		{6524FF80-699D-4776-975B-1531A5B9D4A4}.Debug|Any CPU.Build.0 = Debug|Any CPU
		{6524FF80-699D-4776-975B-1531A5B9D4A4}.Release|Any CPU.ActiveCfg = Release|Any CPU
		{6524FF80-699D-4776-975B-1531A5B9D4A4}.Release|Any CPU.Build.0 = Release|Any CPU
	EndGlobalSection
	GlobalSection(SolutionProperties) = preSolution
		HideSolutionNode = FALSE
	EndGlobalSection
	GlobalSection(ExtensibilityGlobals) = postSolution
		SolutionGuid = {BC5DE776-47B0-4662-B441-ADF26CCB0929}
	EndGlobalSection
EndGlobal
